
Microsoft Visual Studio Solution File, Format Version 12.00
# Visual Studio Version 17
VisualStudioVersion = 17.2.32516.85
MinimumVisualStudioVersion = 10.0.40219.1
Project("{FAE04EC0-301F-11D3-BF4B-00C04F79EFBC}") = "RestFullMinimalApi", "RestFullMinimalApi\RestFullMinimalApi.csproj", "{CF693807-DEF7-4DE5-B498-93898C8F3979}"
EndProject
Global
	GlobalSection(SolutionConfigurationPlatforms) = preSolution
		Debug|Any CPU = Debug|Any CPU
		Release|Any CPU = Release|Any CPU
	EndGlobalSection
	GlobalSection(ProjectConfigurationPlatforms) = postSolution
		{CF693807-DEF7-4DE5-B498-93898C8F3979}.Debug|Any CPU.ActiveCfg = Debug|Any CPU
		{CF693807-DEF7-4DE5-B498-93898C8F3979}.Debug|Any CPU.Build.0 = Debug|Any CPU
		{CF693807-DEF7-4DE5-B498-93898C8F3979}.Release|Any CPU.ActiveCfg = Release|Any CPU
		{CF693807-DEF7-4DE5-B498-93898C8F3979}.Release|Any CPU.Build.0 = Release|Any CPU
	EndGlobalSection
	GlobalSection(SolutionProperties) = preSolution
		HideSolutionNode = FALSE
	EndGlobalSection
	GlobalSection(ExtensibilityGlobals) = postSolution
		SolutionGuid = {C25583DA-B1E6-4F89-AC82-0508BAEDADBF}
	EndGlobalSection
EndGlobal
